
Microsoft Visual Studio Solution File, Format Version 12.00
# Visual Studio 2013
VisualStudioVersion = 12.0.21005.1
MinimumVisualStudioVersion = 10.0.40219.1
Project("{FAE04EC0-301F-11D3-BF4B-00C04F79EFBC}") = "01.PriorityQueue", "01.PriorityQueue\01.PriorityQueue.csproj", "{FEDE8400-18B3-4B75-AD0E-E8C7281D6044}"
EndProject
Project("{FAE04EC0-301F-11D3-BF4B-00C04F79EFBC}") = "02.ProductsInPriceRange", "02.ProductsInPriceRange\02.ProductsInPriceRange.csproj", "{9CF493C2-B0F7-44BF-91F9-B5D4B16AD415}"
EndProject
Project("{FAE04EC0-301F-11D3-BF4B-00C04F79EFBC}") = "03.CSharpTrie", "03.CSharpTrie\03.CSharpTrie.csproj", "{88FC9FA7-8724-4B93-AE17-E170C2FE28B7}"
EndProject
Global
	GlobalSection(SolutionConfigurationPlatforms) = preSolution
		Debug|Any CPU = Debug|Any CPU
		Release|Any CPU = Release|Any CPU
	EndGlobalSection
	GlobalSection(ProjectConfigurationPlatforms) = postSolution
		{FEDE8400-18B3-4B75-AD0E-E8C7281D6044}.Debug|Any CPU.ActiveCfg = Debug|Any CPU
		{FEDE8400-18B3-4B75-AD0E-E8C7281D6044}.Debug|Any CPU.Build.0 = Debug|Any CPU
		{FEDE8400-18B3-4B75-AD0E-E8C7281D6044}.Release|Any CPU.ActiveCfg = Release|Any CPU
		{FEDE8400-18B3-4B75-AD0E-E8C7281D6044}.Release|Any CPU.Build.0 = Release|Any CPU
		{9CF493C2-B0F7-44BF-91F9-B5D4B16AD415}.Debug|Any CPU.ActiveCfg = Debug|Any CPU
		{9CF493C2-B0F7-44BF-91F9-B5D4B16AD415}.Debug|Any CPU.Build.0 = Debug|Any CPU
		{9CF493C2-B0F7-44BF-91F9-B5D4B16AD415}.Release|Any CPU.ActiveCfg = Release|Any CPU
		{9CF493C2-B0F7-44BF-91F9-B5D4B16AD415}.Release|Any CPU.Build.0 = Release|Any CPU
		{88FC9FA7-8724-4B93-AE17-E170C2FE28B7}.Debug|Any CPU.ActiveCfg = Debug|Any CPU
		{88FC9FA7-8724-4B93-AE17-E170C2FE28B7}.Debug|Any CPU.Build.0 = Debug|Any CPU
		{88FC9FA7-8724-4B93-AE17-E170C2FE28B7}.Release|Any CPU.ActiveCfg = Release|Any CPU
		{88FC9FA7-8724-4B93-AE17-E170C2FE28B7}.Release|Any CPU.Build.0 = Release|Any CPU
	EndGlobalSection
	GlobalSection(SolutionProperties) = preSolution
		HideSolutionNode = FALSE
	EndGlobalSection
EndGlobal
